// !$*UTF8*$!
{
	archiveVersion = 1;
	classes = {
	};
	objectVersion = 77;
	objects = {

/* Begin PBXFileReference section */
		2B422B4E2D4ACC7C00C5DD31 /* struct_class.playground */ = {isa = PBXFileReference; lastKnownFileType = file.playground; path = struct_class.playground; sourceTree = "<group>"; xcLanguageSpecificationIdentifier = xcode.lang.swift; };
		2B422B4F2D4BE1D900C5DD31 /* properties.playground */ = {isa = PBXFileReference; lastKnownFileType = file.playground; path = properties.playground; sourceTree = "<group>"; xcLanguageSpecificationIdentifier = xcode.lang.swift; };
		2B422B502D53AC3900C5DD31 /* Methods.playground */ = {isa = PBXFileReference; lastKnownFileType = file.playground; path = Methods.playground; sourceTree = "<group>"; xcLanguageSpecificationIdentifier = xcode.lang.swift; };
/* End PBXFileReference section */

/* Begin PBXGroup section */
		2B422B462D4ACC4500C5DD31 = {
			isa = PBXGroup;
			children = (
				2B422B502D53AC3900C5DD31 /* Methods.playground */,
				2B422B4F2D4BE1D900C5DD31 /* properties.playground */,
				2B422B4E2D4ACC7C00C5DD31 /* struct_class.playground */,
			);
			sourceTree = "<group>";
		};
/* End PBXGroup section */

/* Begin PBXProject section */
		2B422B472D4ACC4500C5DD31 /* Project object */ = {
			isa = PBXProject;
			attributes = {
				BuildIndependentTargetsInParallel = 1;
				LastUpgradeCheck = 1620;
			};
			buildConfigurationList = 2B422B4A2D4ACC4500C5DD31 /* Build configuration list for PBXProject "OOP_Swift" */;
			developmentRegion = en;
			hasScannedForEncodings = 0;
			knownRegions = (
				en,
				Base,
			);
			mainGroup = 2B422B462D4ACC4500C5DD31;
			minimizedProjectReferenceProxies = 1;
			preferredProjectObjectVersion = 77;
			projectDirPath = "";
			projectRoot = "";
			targets = (
			);
		};
/* End PBXProject section */

/* Begin XCBuildConfiguration section */
		2B422B4B2D4ACC4500C5DD31 /* Debug */ = {
			isa = XCBuildConfiguration;
			buildSettings = {
			};
			name = Debug;
		};
		2B422B4C2D4ACC4500C5DD31 /* Release */ = {
			isa = XCBuildConfiguration;
			buildSettings = {
			};
			name = Release;
		};
/* End XCBuildConfiguration section */

/* Begin XCConfigurationList section */
		2B422B4A2D4ACC4500C5DD31 /* Build configuration list for PBXProject "OOP_Swift" */ = {
			isa = XCConfigurationList;
			buildConfigurations = (
				2B422B4B2D4ACC4500C5DD31 /* Debug */,
				2B422B4C2D4ACC4500C5DD31 /* Release */,
			);
			defaultConfigurationIsVisible = 0;
			defaultConfigurationName = Release;
		};
/* End XCConfigurationList section */
	};
	rootObject = 2B422B472D4ACC4500C5DD31 /* Project object */;
}
